
Microsoft Visual Studio Solution File, Format Version 12.00
# Visual Studio Version 16
VisualStudioVersion = 16.0.29911.84
MinimumVisualStudioVersion = 10.0.40219.1
Project("{9A19103F-16F7-4668-BE54-9A1E7A4F7556}") = "LightsOff", "LightsOff\LightsOff.csproj", "{4BE91146-26E0-47E1-846F-C90686C8E819}"
EndProject
Project("{9A19103F-16F7-4668-BE54-9A1E7A4F7556}") = "LightsOffTests", "LightsOffTests\LightsOffTests.csproj", "{C646A225-3323-40C1-BF31-E2085109FE3E}"
EndProject
Project("{FAE04EC0-301F-11D3-BF4B-00C04F79EFBC}") = "LightsOffWeb", "LightsOffWeb\LightsOffWeb.csproj", "{D4DEBD8F-5FA5-4151-BFBB-AE1269909435}"
EndProject
Global
	GlobalSection(SolutionConfigurationPlatforms) = preSolution
		Debug|Any CPU = Debug|Any CPU
		Release|Any CPU = Release|Any CPU
	EndGlobalSection
	GlobalSection(ProjectConfigurationPlatforms) = postSolution
		{4BE91146-26E0-47E1-846F-C90686C8E819}.Debug|Any CPU.ActiveCfg = Debug|Any CPU
		{4BE91146-26E0-47E1-846F-C90686C8E819}.Debug|Any CPU.Build.0 = Debug|Any CPU
		{4BE91146-26E0-47E1-846F-C90686C8E819}.Release|Any CPU.ActiveCfg = Release|Any CPU
		{4BE91146-26E0-47E1-846F-C90686C8E819}.Release|Any CPU.Build.0 = Release|Any CPU
		{C646A225-3323-40C1-BF31-E2085109FE3E}.Debug|Any CPU.ActiveCfg = Debug|Any CPU
		{C646A225-3323-40C1-BF31-E2085109FE3E}.Debug|Any CPU.Build.0 = Debug|Any CPU
		{C646A225-3323-40C1-BF31-E2085109FE3E}.Release|Any CPU.ActiveCfg = Release|Any CPU
		{C646A225-3323-40C1-BF31-E2085109FE3E}.Release|Any CPU.Build.0 = Release|Any CPU
		{D4DEBD8F-5FA5-4151-BFBB-AE1269909435}.Debug|Any CPU.ActiveCfg = Debug|Any CPU
		{D4DEBD8F-5FA5-4151-BFBB-AE1269909435}.Debug|Any CPU.Build.0 = Debug|Any CPU
		{D4DEBD8F-5FA5-4151-BFBB-AE1269909435}.Release|Any CPU.ActiveCfg = Release|Any CPU
		{D4DEBD8F-5FA5-4151-BFBB-AE1269909435}.Release|Any CPU.Build.0 = Release|Any CPU
	EndGlobalSection
	GlobalSection(SolutionProperties) = preSolution
		HideSolutionNode = FALSE
	EndGlobalSection
	GlobalSection(ExtensibilityGlobals) = postSolution
		SolutionGuid = {5F3805A8-D120-4C3E-A0EE-EBF97AEED7AE}
	EndGlobalSection
EndGlobal
